
Microsoft Visual Studio Solution File, Format Version 12.00
# Visual Studio Version 17
VisualStudioVersion = 17.7.34031.279
MinimumVisualStudioVersion = 10.0.40219.1
Project("{FAE04EC0-301F-11D3-BF4B-00C04F79EFBC}") = "Buble sort", "Buble sort\Buble sort.csproj", "{4FAF911C-A4B6-40FF-BF5C-B8C13E08F4A3}"
EndProject
Global
	GlobalSection(SolutionConfigurationPlatforms) = preSolution
		Debug|Any CPU = Debug|Any CPU
		Release|Any CPU = Release|Any CPU
	EndGlobalSection
	GlobalSection(ProjectConfigurationPlatforms) = postSolution
		{4FAF911C-A4B6-40FF-BF5C-B8C13E08F4A3}.Debug|Any CPU.ActiveCfg = Debug|Any CPU
		{4FAF911C-A4B6-40FF-BF5C-B8C13E08F4A3}.Debug|Any CPU.Build.0 = Debug|Any CPU
		{4FAF911C-A4B6-40FF-BF5C-B8C13E08F4A3}.Release|Any CPU.ActiveCfg = Release|Any CPU
		{4FAF911C-A4B6-40FF-BF5C-B8C13E08F4A3}.Release|Any CPU.Build.0 = Release|Any CPU
	EndGlobalSection
	GlobalSection(SolutionProperties) = preSolution
		HideSolutionNode = FALSE
	EndGlobalSection
	GlobalSection(ExtensibilityGlobals) = postSolution
		SolutionGuid = {5190500E-FB3C-43C8-8339-72BB64519451}
	EndGlobalSection
EndGlobal
